// !$*UTF8*$!
{
	archiveVersion = 1;
	classes = {
	};
	objectVersion = 50;
	objects = {

/* Begin PBXBuildFile section */
		4802F9F82587C73E00CAC650 /* AppDelegate.swift in Sources */ = {isa = PBXBuildFile; fileRef = 4802F9F72587C73E00CAC650 /* AppDelegate.swift */; };
		4802F9FA2587C73E00CAC650 /* SceneDelegate.swift in Sources */ = {isa = PBXBuildFile; fileRef = 4802F9F92587C73E00CAC650 /* SceneDelegate.swift */; };
		4802F9FC2587C73E00CAC650 /* ViewController.swift in Sources */ = {isa = PBXBuildFile; fileRef = 4802F9FB2587C73E00CAC650 /* ViewController.swift */; };
		4802F9FF2587C73E00CAC650 /* Main.storyboard in Resources */ = {isa = PBXBuildFile; fileRef = 4802F9FD2587C73E00CAC650 /* Main.storyboard */; };
		4802FA012587C73F00CAC650 /* Assets.xcassets in Resources */ = {isa = PBXBuildFile; fileRef = 4802FA002587C73F00CAC650 /* Assets.xcassets */; };
		4802FA042587C73F00CAC650 /* LaunchScreen.storyboard in Resources */ = {isa = PBXBuildFile; fileRef = 4802FA022587C73F00CAC650 /* LaunchScreen.storyboard */; };
		4802FA0F2587C73F00CAC650 /* Project7Tests.swift in Sources */ = {isa = PBXBuildFile; fileRef = 4802FA0E2587C73F00CAC650 /* Project7Tests.swift */; };
		4802FA1A2587C73F00CAC650 /* Project7UITests.swift in Sources */ = {isa = PBXBuildFile; fileRef = 4802FA192587C73F00CAC650 /* Project7UITests.swift */; };
		4802FA2B2587CD1A00CAC650 /* Petition.swift in Sources */ = {isa = PBXBuildFile; fileRef = 4802FA2A2587CD1A00CAC650 /* Petition.swift */; };
		4802FA302587CDA400CAC650 /* Pretitions.swift in Sources */ = {isa = PBXBuildFile; fileRef = 4802FA2F2587CDA400CAC650 /* Pretitions.swift */; };
		4802FA352587D17700CAC650 /* DetailViewController.swift in Sources */ = {isa = PBXBuildFile; fileRef = 4802FA342587D17700CAC650 /* DetailViewController.swift */; };
/* End PBXBuildFile section */

/* Begin PBXContainerItemProxy section */
		4802FA0B2587C73F00CAC650 /* PBXContainerItemProxy */ = {
			isa = PBXContainerItemProxy;
			containerPortal = 4802F9EC2587C73E00CAC650 /* Project object */;
			proxyType = 1;
			remoteGlobalIDString = 4802F9F32587C73E00CAC650;
			remoteInfo = Project7;
		};
		4802FA162587C73F00CAC650 /* PBXContainerItemProxy */ = {
			isa = PBXContainerItemProxy;
			containerPortal = 4802F9EC2587C73E00CAC650 /* Project object */;
			proxyType = 1;
			remoteGlobalIDString = 4802F9F32587C73E00CAC650;
			remoteInfo = Project7;
		};
/* End PBXContainerItemProxy section */

/* Begin PBXFileReference section */
		4802F9F42587C73E00CAC650 /* Project7.app */ = {isa = PBXFileReference; explicitFileType = wrapper.application; includeInIndex = 0; path = Project7.app; sourceTree = BUILT_PRODUCTS_DIR; };
		4802F9F72587C73E00CAC650 /* AppDelegate.swift */ = {isa = PBXFileReference; lastKnownFileType = sourcecode.swift; path = AppDelegate.swift; sourceTree = "<group>"; };
		4802F9F92587C73E00CAC650 /* SceneDelegate.swift */ = {isa = PBXFileReference; lastKnownFileType = sourcecode.swift; path = SceneDelegate.swift; sourceTree = "<group>"; };
		4802F9FB2587C73E00CAC650 /* ViewController.swift */ = {isa = PBXFileReference; lastKnownFileType = sourcecode.swift; path = ViewController.swift; sourceTree = "<group>"; };
		4802F9FE2587C73E00CAC650 /* Base */ = {isa = PBXFileReference; lastKnownFileType = file.storyboard; name = Base; path = Base.lproj/Main.storyboard; sourceTree = "<group>"; };
		4802FA002587C73F00CAC650 /* Assets.xcassets */ = {isa = PBXFileReference; lastKnownFileType = folder.assetcatalog; path = Assets.xcassets; sourceTree = "<group>"; };
		4802FA032587C73F00CAC650 /* Base */ = {isa = PBXFileReference; lastKnownFileType = file.storyboard; name = Base; path = Base.lproj/LaunchScreen.storyboard; sourceTree = "<group>"; };
		4802FA052587C73F00CAC650 /* Info.plist */ = {isa = PBXFileReference; lastKnownFileType = text.plist.xml; path = Info.plist; sourceTree = "<group>"; };
		4802FA0A2587C73F00CAC650 /* Project7Tests.xctest */ = {isa = PBXFileReference; explicitFileType = wrapper.cfbundle; includeInIndex = 0; path = Project7Tests.xctest; sourceTree = BUILT_PRODUCTS_DIR; };
		4802FA0E2587C73F00CAC650 /* Project7Tests.swift */ = {isa = PBXFileReference; lastKnownFileType = sourcecode.swift; path = Project7Tests.swift; sourceTree = "<group>"; };
		4802FA102587C73F00CAC650 /* Info.plist */ = {isa = PBXFileReference; lastKnownFileType = text.plist.xml; path = Info.plist; sourceTree = "<group>"; };
		4802FA152587C73F00CAC650 /* Project7UITests.xctest */ = {isa = PBXFileReference; explicitFileType = wrapper.cfbundle; includeInIndex = 0; path = Project7UITests.xctest; sourceTree = BUILT_PRODUCTS_DIR; };
		4802FA192587C73F00CAC650 /* Project7UITests.swift */ = {isa = PBXFileReference; lastKnownFileType = sourcecode.swift; path = Project7UITests.swift; sourceTree = "<group>"; };
		4802FA1B2587C73F00CAC650 /* Info.plist */ = {isa = PBXFileReference; lastKnownFileType = text.plist.xml; path = Info.plist; sourceTree = "<group>"; };
		4802FA2A2587CD1A00CAC650 /* Petition.swift */ = {isa = PBXFileReference; lastKnownFileType = sourcecode.swift; path = Petition.swift; sourceTree = "<group>"; };
		4802FA2F2587CDA400CAC650 /* Pretitions.swift */ = {isa = PBXFileReference; lastKnownFileType = sourcecode.swift; path = Pretitions.swift; sourceTree = "<group>"; };
		4802FA342587D17700CAC650 /* DetailViewController.swift */ = {isa = PBXFileReference; lastKnownFileType = sourcecode.swift; path = DetailViewController.swift; sourceTree = "<group>"; };
/* End PBXFileReference section */

/* Begin PBXFrameworksBuildPhase section */
		4802F9F12587C73E00CAC650 /* Frameworks */ = {
			isa = PBXFrameworksBuildPhase;
			buildActionMask = 2147483647;
			files = (
			);
			runOnlyForDeploymentPostprocessing = 0;
		};
		4802FA072587C73F00CAC650 /* Frameworks */ = {
			isa = PBXFrameworksBuildPhase;
			buildActionMask = 2147483647;
			files = (
			);
			runOnlyForDeploymentPostprocessing = 0;
		};
		4802FA122587C73F00CAC650 /* Frameworks */ = {
			isa = PBXFrameworksBuildPhase;
			buildActionMask = 2147483647;
			files = (
			);
			runOnlyForDeploymentPostprocessing = 0;
		};
/* End PBXFrameworksBuildPhase section */

/* Begin PBXGroup section */
		4802F9EB2587C73E00CAC650 = {
			isa = PBXGroup;
			children = (
				4802FA342587D17700CAC650 /* DetailViewController.swift */,
				4802F9F62587C73E00CAC650 /* Project7 */,
				4802FA0D2587C73F00CAC650 /* Project7Tests */,
				4802FA182587C73F00CAC650 /* Project7UITests */,
				4802F9F52587C73E00CAC650 /* Products */,
			);
			sourceTree = "<group>";
		};
		4802F9F52587C73E00CAC650 /* Products */ = {
			isa = PBXGroup;
			children = (
				4802F9F42587C73E00CAC650 /* Project7.app */,
				4802FA0A2587C73F00CAC650 /* Project7Tests.xctest */,
				4802FA152587C73F00CAC650 /* Project7UITests.xctest */,
			);
			name = Products;
			sourceTree = "<group>";
		};
		4802F9F62587C73E00CAC650 /* Project7 */ = {
			isa = PBXGroup;
			children = (
				4802F9F72587C73E00CAC650 /* AppDelegate.swift */,
				4802F9F92587C73E00CAC650 /* SceneDelegate.swift */,
				4802F9FB2587C73E00CAC650 /* ViewController.swift */,
				4802FA2A2587CD1A00CAC650 /* Petition.swift */,
				4802FA2F2587CDA400CAC650 /* Pretitions.swift */,
				4802F9FD2587C73E00CAC650 /* Main.storyboard */,
				4802FA002587C73F00CAC650 /* Assets.xcassets */,
				4802FA022587C73F00CAC650 /* LaunchScreen.storyboard */,
				4802FA052587C73F00CAC650 /* Info.plist */,
			);
			path = Project7;
			sourceTree = "<group>";
		};
		4802FA0D2587C73F00CAC650 /* Project7Tests */ = {
			isa = PBXGroup;
			children = (
				4802FA0E2587C73F00CAC650 /* Project7Tests.swift */,
				4802FA102587C73F00CAC650 /* Info.plist */,
			);
			path = Project7Tests;
			sourceTree = "<group>";
		};
		4802FA182587C73F00CAC650 /* Project7UITests */ = {
			isa = PBXGroup;
			children = (
				4802FA192587C73F00CAC650 /* Project7UITests.swift */,
				4802FA1B2587C73F00CAC650 /* Info.plist */,
			);
			path = Project7UITests;
			sourceTree = "<group>";
		};
/* End PBXGroup section */

/* Begin PBXNativeTarget section */
		4802F9F32587C73E00CAC650 /* Project7 */ = {
			isa = PBXNativeTarget;
			buildConfigurationList = 4802FA1E2587C73F00CAC650 /* Build configuration list for PBXNativeTarget "Project7" */;
			buildPhases = (
				4802F9F02587C73E00CAC650 /* Sources */,
				4802F9F12587C73E00CAC650 /* Frameworks */,
				4802F9F22587C73E00CAC650 /* Resources */,
			);
			buildRules = (
			);
			dependencies = (
			);
			name = Project7;
			productName = Project7;
			productReference = 4802F9F42587C73E00CAC650 /* Project7.app */;
			productType = "com.apple.product-type.application";
		};
		4802FA092587C73F00CAC650 /* Project7Tests */ = {
			isa = PBXNativeTarget;
			buildConfigurationList = 4802FA212587C73F00CAC650 /* Build configuration list for PBXNativeTarget "Project7Tests" */;
			buildPhases = (
				4802FA062587C73F00CAC650 /* Sources */,
				4802FA072587C73F00CAC650 /* Frameworks */,
				4802FA082587C73F00CAC650 /* Resources */,
			);
			buildRules = (
			);
			dependencies = (
				4802FA0C2587C73F00CAC650 /* PBXTargetDependency */,
			);
			name = Project7Tests;
			productName = Project7Tests;
			productReference = 4802FA0A2587C73F00CAC650 /* Project7Tests.xctest */;
			productType = "com.apple.product-type.bundle.unit-test";
		};
		4802FA142587C73F00CAC650 /* Project7UITests */ = {
			isa = PBXNativeTarget;
			buildConfigurationList = 4802FA242587C73F00CAC650 /* Build configuration list for PBXNativeTarget "Project7UITests" */;
			buildPhases = (
				4802FA112587C73F00CAC650 /* Sources */,
				4802FA122587C73F00CAC650 /* Frameworks */,
				4802FA132587C73F00CAC650 /* Resources */,
			);
			buildRules = (
			);
			dependencies = (
				4802FA172587C73F00CAC650 /* PBXTargetDependency */,
			);
			name = Project7UITests;
			productName = Project7UITests;
			productReference = 4802FA152587C73F00CAC650 /* Project7UITests.xctest */;
			productType = "com.apple.product-type.bundle.ui-testing";
		};
/* End PBXNativeTarget section */

/* Begin PBXProject section */
		4802F9EC2587C73E00CAC650 /* Project object */ = {
			isa = PBXProject;
			attributes = {
				LastSwiftUpdateCheck = 1220;
				LastUpgradeCheck = 1220;
				TargetAttributes = {
					4802F9F32587C73E00CAC650 = {
						CreatedOnToolsVersion = 12.2;
					};
					4802FA092587C73F00CAC650 = {
						CreatedOnToolsVersion = 12.2;
						TestTargetID = 4802F9F32587C73E00CAC650;
					};
					4802FA142587C73F00CAC650 = {
						CreatedOnToolsVersion = 12.2;
						TestTargetID = 4802F9F32587C73E00CAC650;
					};
				};
			};
			buildConfigurationList = 4802F9EF2587C73E00CAC650 /* Build configuration list for PBXProject "Project7" */;
			compatibilityVersion = "Xcode 9.3";
			developmentRegion = en;
			hasScannedForEncodings = 0;
			knownRegions = (
				en,
				Base,
			);
			mainGroup = 4802F9EB2587C73E00CAC650;
			productRefGroup = 4802F9F52587C73E00CAC650 /* Products */;
			projectDirPath = "";
			projectRoot = "";
			targets = (
				4802F9F32587C73E00CAC650 /* Project7 */,
				4802FA092587C73F00CAC650 /* Project7Tests */,
				4802FA142587C73F00CAC650 /* Project7UITests */,
			);
		};
/* End PBXProject section */

/* Begin PBXResourcesBuildPhase section */
		4802F9F22587C73E00CAC650 /* Resources */ = {
			isa = PBXResourcesBuildPhase;
			buildActionMask = 2147483647;
			files = (
				4802FA042587C73F00CAC650 /* LaunchScreen.storyboard in Resources */,
				4802FA012587C73F00CAC650 /* Assets.xcassets in Resources */,
				4802F9FF2587C73E00CAC650 /* Main.storyboard in Resources */,
			);
			runOnlyForDeploymentPostprocessing = 0;
		};
		4802FA082587C73F00CAC650 /* Resources */ = {
			isa = PBXResourcesBuildPhase;
			buildActionMask = 2147483647;
			files = (
			);
			runOnlyForDeploymentPostprocessing = 0;
		};
		4802FA132587C73F00CAC650 /* Resources */ = {
			isa = PBXResourcesBuildPhase;
			buildActionMask = 2147483647;
			files = (
			);
			runOnlyForDeploymentPostprocessing = 0;
		};
/* End PBXResourcesBuildPhase section */

/* Begin PBXSourcesBuildPhase section */
		4802F9F02587C73E00CAC650 /* Sources */ = {
			isa = PBXSourcesBuildPhase;
			buildActionMask = 2147483647;
			files = (
				4802FA302587CDA400CAC650 /* Pretitions.swift in Sources */,
				4802F9FC2587C73E00CAC650 /* ViewController.swift in Sources */,
				4802FA2B2587CD1A00CAC650 /* Petition.swift in Sources */,
				4802FA352587D17700CAC650 /* DetailViewController.swift in Sources */,
				4802F9F82587C73E00CAC650 /* AppDelegate.swift in Sources */,
				4802F9FA2587C73E00CAC650 /* SceneDelegate.swift in Sources */,
			);
			runOnlyForDeploymentPostprocessing = 0;
		};
		4802FA062587C73F00CAC650 /* Sources */ = {
			isa = PBXSourcesBuildPhase;
			buildActionMask = 2147483647;
			files = (
				4802FA0F2587C73F00CAC650 /* Project7Tests.swift in Sources */,
			);
			runOnlyForDeploymentPostprocessing = 0;
		};
		4802FA112587C73F00CAC650 /* Sources */ = {
			isa = PBXSourcesBuildPhase;
			buildActionMask = 2147483647;
			files = (
				4802FA1A2587C73F00CAC650 /* Project7UITests.swift in Sources */,
			);
			runOnlyForDeploymentPostprocessing = 0;
		};
/* End PBXSourcesBuildPhase section */

/* Begin PBXTargetDependency section */
		4802FA0C2587C73F00CAC650 /* PBXTargetDependency */ = {
			isa = PBXTargetDependency;
			target = 4802F9F32587C73E00CAC650 /* Project7 */;
			targetProxy = 4802FA0B2587C73F00CAC650 /* PBXContainerItemProxy */;
		};
		4802FA172587C73F00CAC650 /* PBXTargetDependency */ = {
			isa = PBXTargetDependency;
			target = 4802F9F32587C73E00CAC650 /* Project7 */;
			targetProxy = 4802FA162587C73F00CAC650 /* PBXContainerItemProxy */;
		};
/* End PBXTargetDependency section */

/* Begin PBXVariantGroup section */
		4802F9FD2587C73E00CAC650 /* Main.storyboard */ = {
			isa = PBXVariantGroup;
			children = (
				4802F9FE2587C73E00CAC650 /* Base */,
			);
			name = Main.storyboard;
			sourceTree = "<group>";
		};
		4802FA022587C73F00CAC650 /* LaunchScreen.storyboard */ = {
			isa = PBXVariantGroup;
			children = (
				4802FA032587C73F00CAC650 /* Base */,
			);
			name = LaunchScreen.storyboard;
			sourceTree = "<group>";
		};
/* End PBXVariantGroup section */

/* Begin XCBuildConfiguration section */
		4802FA1C2587C73F00CAC650 /* Debug */ = {
			isa = XCBuildConfiguration;
			buildSettings = {
				ALWAYS_SEARCH_USER_PATHS = NO;
				CLANG_ANALYZER_NONNULL = YES;
				CLANG_ANALYZER_NUMBER_OBJECT_CONVERSION = YES_AGGRESSIVE;
				CLANG_CXX_LANGUAGE_STANDARD = "gnu++14";
				CLANG_CXX_LIBRARY = "libc++";
				CLANG_ENABLE_MODULES = YES;
				CLANG_ENABLE_OBJC_ARC = YES;
				CLANG_ENABLE_OBJC_WEAK = YES;
				CLANG_WARN_BLOCK_CAPTURE_AUTORELEASING = YES;
				CLANG_WARN_BOOL_CONVERSION = YES;
				CLANG_WARN_COMMA = YES;
				CLANG_WARN_CONSTANT_CONVERSION = YES;
				CLANG_WARN_DEPRECATED_OBJC_IMPLEMENTATIONS = YES;
				CLANG_WARN_DIRECT_OBJC_ISA_USAGE = YES_ERROR;
				CLANG_WARN_DOCUMENTATION_COMMENTS = YES;
				CLANG_WARN_EMPTY_BODY = YES;
				CLANG_WARN_ENUM_CONVERSION = YES;
				CLANG_WARN_INFINITE_RECURSION = YES;
				CLANG_WARN_INT_CONVERSION = YES;
				CLANG_WARN_NON_LITERAL_NULL_CONVERSION = YES;
				CLANG_WARN_OBJC_IMPLICIT_RETAIN_SELF = YES;
				CLANG_WARN_OBJC_LITERAL_CONVERSION = YES;
				CLANG_WARN_OBJC_ROOT_CLASS = YES_ERROR;
				CLANG_WARN_QUOTED_INCLUDE_IN_FRAMEWORK_HEADER = YES;
				CLANG_WARN_RANGE_LOOP_ANALYSIS = YES;
				CLANG_WARN_STRICT_PROTOTYPES = YES;
				CLANG_WARN_SUSPICIOUS_MOVE = YES;
				CLANG_WARN_UNGUARDED_AVAILABILITY = YES_AGGRESSIVE;
				CLANG_WARN_UNREACHABLE_CODE = YES;
				CLANG_WARN__DUPLICATE_METHOD_MATCH = YES;
				COPY_PHASE_STRIP = NO;
				DEBUG_INFORMATION_FORMAT = dwarf;
				ENABLE_STRICT_OBJC_MSGSEND = YES;
				ENABLE_TESTABILITY = YES;
				GCC_C_LANGUAGE_STANDARD = gnu11;
				GCC_DYNAMIC_NO_PIC = NO;
				GCC_NO_COMMON_BLOCKS = YES;
				GCC_OPTIMIZATION_LEVEL = 0;
				GCC_PREPROCESSOR_DEFINITIONS = (
					"DEBUG=1",
					"$(inherited)",
				);
				GCC_WARN_64_TO_32_BIT_CONVERSION = YES;
				GCC_WARN_ABOUT_RETURN_TYPE = YES_ERROR;
				GCC_WARN_UNDECLARED_SELECTOR = YES;
				GCC_WARN_UNINITIALIZED_AUTOS = YES_AGGRESSIVE;
				GCC_WARN_UNUSED_FUNCTION = YES;
				GCC_WARN_UNUSED_VARIABLE = YES;
				IPHONEOS_DEPLOYMENT_TARGET = 14.2;
				MTL_ENABLE_DEBUG_INFO = INCLUDE_SOURCE;
				MTL_FAST_MATH = YES;
				ONLY_ACTIVE_ARCH = YES;
				SDKROOT = iphoneos;
				SWIFT_ACTIVE_COMPILATION_CONDITIONS = DEBUG;
				SWIFT_OPTIMIZATION_LEVEL = "-Onone";
			};
			name = Debug;
		};
		4802FA1D2587C73F00CAC650 /* Release */ = {
			isa = XCBuildConfiguration;
			buildSettings = {
				ALWAYS_SEARCH_USER_PATHS = NO;
				CLANG_ANALYZER_NONNULL = YES;
				CLANG_ANALYZER_NUMBER_OBJECT_CONVERSION = YES_AGGRESSIVE;
				CLANG_CXX_LANGUAGE_STANDARD = "gnu++14";
				CLANG_CXX_LIBRARY = "libc++";
				CLANG_ENABLE_MODULES = YES;
				CLANG_ENABLE_OBJC_ARC = YES;
				CLANG_ENABLE_OBJC_WEAK = YES;
				CLANG_WARN_BLOCK_CAPTURE_AUTORELEASING = YES;
				CLANG_WARN_BOOL_CONVERSION = YES;
				CLANG_WARN_COMMA = YES;
				CLANG_WARN_CONSTANT_CONVERSION = YES;
				CLANG_WARN_DEPRECATED_OBJC_IMPLEMENTATIONS = YES;
				CLANG_WARN_DIRECT_OBJC_ISA_USAGE = YES_ERROR;
				CLANG_WARN_DOCUMENTATION_COMMENTS = YES;
				CLANG_WARN_EMPTY_BODY = YES;
				CLANG_WARN_ENUM_CONVERSION = YES;
				CLANG_WARN_INFINITE_RECURSION = YES;
				CLANG_WARN_INT_CONVERSION = YES;
				CLANG_WARN_NON_LITERAL_NULL_CONVERSION = YES;
				CLANG_WARN_OBJC_IMPLICIT_RETAIN_SELF = YES;
				CLANG_WARN_OBJC_LITERAL_CONVERSION = YES;
				CLANG_WARN_OBJC_ROOT_CLASS = YES_ERROR;
				CLANG_WARN_QUOTED_INCLUDE_IN_FRAMEWORK_HEADER = YES;
				CLANG_WARN_RANGE_LOOP_ANALYSIS = YES;
				CLANG_WARN_STRICT_PROTOTYPES = YES;
				CLANG_WARN_SUSPICIOUS_MOVE = YES;
				CLANG_WARN_UNGUARDED_AVAILABILITY = YES_AGGRESSIVE;
				CLANG_WARN_UNREACHABLE_CODE = YES;
				CLANG_WARN__DUPLICATE_METHOD_MATCH = YES;
				COPY_PHASE_STRIP = NO;
				DEBUG_INFORMATION_FORMAT = "dwarf-with-dsym";
				ENABLE_NS_ASSERTIONS = NO;
				ENABLE_STRICT_OBJC_MSGSEND = YES;
				GCC_C_LANGUAGE_STANDARD = gnu11;
				GCC_NO_COMMON_BLOCKS = YES;
				GCC_WARN_64_TO_32_BIT_CONVERSION = YES;
				GCC_WARN_ABOUT_RETURN_TYPE = YES_ERROR;
				GCC_WARN_UNDECLARED_SELECTOR = YES;
				GCC_WARN_UNINITIALIZED_AUTOS = YES_AGGRESSIVE;
				GCC_WARN_UNUSED_FUNCTION = YES;
				GCC_WARN_UNUSED_VARIABLE = YES;
				IPHONEOS_DEPLOYMENT_TARGET = 14.2;
				MTL_ENABLE_DEBUG_INFO = NO;
				MTL_FAST_MATH = YES;
				SDKROOT = iphoneos;
				SWIFT_COMPILATION_MODE = wholemodule;
				SWIFT_OPTIMIZATION_LEVEL = "-O";
				VALIDATE_PRODUCT = YES;
			};
			name = Release;
		};
		4802FA1F2587C73F00CAC650 /* Debug */ = {
			isa = XCBuildConfiguration;
			buildSettings = {
				ASSETCATALOG_COMPILER_APPICON_NAME = AppIcon;
				ASSETCATALOG_COMPILER_GLOBAL_ACCENT_COLOR_NAME = AccentColor;
				CODE_SIGN_STYLE = Automatic;
				INFOPLIST_FILE = Project7/Info.plist;
				LD_RUNPATH_SEARCH_PATHS = (
					"$(inherited)",
					"@executable_path/Frameworks",
				);
				PRODUCT_BUNDLE_IDENTIFIER = com.Project7;
				PRODUCT_NAME = "$(TARGET_NAME)";
				SWIFT_VERSION = 5.0;
				TARGETED_DEVICE_FAMILY = "1,2";
			};
			name = Debug;
		};
		4802FA202587C73F00CAC650 /* Release */ = {
			isa = XCBuildConfiguration;
			buildSettings = {
				ASSETCATALOG_COMPILER_APPICON_NAME = AppIcon;
				ASSETCATALOG_COMPILER_GLOBAL_ACCENT_COLOR_NAME = AccentColor;
				CODE_SIGN_STYLE = Automatic;
				INFOPLIST_FILE = Project7/Info.plist;
				LD_RUNPATH_SEARCH_PATHS = (
					"$(inherited)",
					"@executable_path/Frameworks",
				);
				PRODUCT_BUNDLE_IDENTIFIER = com.Project7;
				PRODUCT_NAME = "$(TARGET_NAME)";
				SWIFT_VERSION = 5.0;
				TARGETED_DEVICE_FAMILY = "1,2";
			};
			name = Release;
		};
		4802FA222587C73F00CAC650 /* Debug */ = {
			isa = XCBuildConfiguration;
			buildSettings = {
				ALWAYS_EMBED_SWIFT_STANDARD_LIBRARIES = YES;
				BUNDLE_LOADER = "$(TEST_HOST)";
				CODE_SIGN_STYLE = Automatic;
				INFOPLIST_FILE = Project7Tests/Info.plist;
				IPHONEOS_DEPLOYMENT_TARGET = 14.2;
				LD_RUNPATH_SEARCH_PATHS = (
					"$(inherited)",
					"@executable_path/Frameworks",
					"@loader_path/Frameworks",
				);
				PRODUCT_BUNDLE_IDENTIFIER = com.Project7Tests;
				PRODUCT_NAME = "$(TARGET_NAME)";
				SWIFT_VERSION = 5.0;
				TARGETED_DEVICE_FAMILY = "1,2";
				TEST_HOST = "$(BUILT_PRODUCTS_DIR)/Project7.app/Project7";
			};
			name = Debug;
		};
		4802FA232587C73F00CAC650 /* Release */ = {
			isa = XCBuildConfiguration;
			buildSettings = {
				ALWAYS_EMBED_SWIFT_STANDARD_LIBRARIES = YES;
				BUNDLE_LOADER = "$(TEST_HOST)";
				CODE_SIGN_STYLE = Automatic;
				INFOPLIST_FILE = Project7Tests/Info.plist;
				IPHONEOS_DEPLOYMENT_TARGET = 14.2;
				LD_RUNPATH_SEARCH_PATHS = (
					"$(inherited)",
					"@executable_path/Frameworks",
					"@loader_path/Frameworks",
				);
				PRODUCT_BUNDLE_IDENTIFIER = com.Project7Tests;
				PRODUCT_NAME = "$(TARGET_NAME)";
				SWIFT_VERSION = 5.0;
				TARGETED_DEVICE_FAMILY = "1,2";
				TEST_HOST = "$(BUILT_PRODUCTS_DIR)/Project7.app/Project7";
			};
			name = Release;
		};
		4802FA252587C73F00CAC650 /* Debug */ = {
			isa = XCBuildConfiguration;
			buildSettings = {
				ALWAYS_EMBED_SWIFT_STANDARD_LIBRARIES = YES;
				CODE_SIGN_STYLE = Automatic;
				INFOPLIST_FILE = Project7UITests/Info.plist;
				LD_RUNPATH_SEARCH_PATHS = (
					"$(inherited)",
					"@executable_path/Frameworks",
					"@loader_path/Frameworks",
				);
				PRODUCT_BUNDLE_IDENTIFIER = com.Project7UITests;
				PRODUCT_NAME = "$(TARGET_NAME)";
				SWIFT_VERSION = 5.0;
				TARGETED_DEVICE_FAMILY = "1,2";
				TEST_TARGET_NAME = Project7;
			};
			name = Debug;
		};
		4802FA262587C73F00CAC650 /* Release */ = {
			isa = XCBuildConfiguration;
			buildSettings = {
				ALWAYS_EMBED_SWIFT_STANDARD_LIBRARIES = YES;
				CODE_SIGN_STYLE = Automatic;
				INFOPLIST_FILE = Project7UITests/Info.plist;
				LD_RUNPATH_SEARCH_PATHS = (
					"$(inherited)",
					"@executable_path/Frameworks",
					"@loader_path/Frameworks",
				);
				PRODUCT_BUNDLE_IDENTIFIER = com.Project7UITests;
				PRODUCT_NAME = "$(TARGET_NAME)";
				SWIFT_VERSION = 5.0;
				TARGETED_DEVICE_FAMILY = "1,2";
				TEST_TARGET_NAME = Project7;
			};
			name = Release;
		};
/* End XCBuildConfiguration section */

/* Begin XCConfigurationList section */
		4802F9EF2587C73E00CAC650 /* Build configuration list for PBXProject "Project7" */ = {
			isa = XCConfigurationList;
			buildConfigurations = (
				4802FA1C2587C73F00CAC650 /* Debug */,
				4802FA1D2587C73F00CAC650 /* Release */,
			);
			defaultConfigurationIsVisible = 0;
			defaultConfigurationName = Release;
		};
		4802FA1E2587C73F00CAC650 /* Build configuration list for PBXNativeTarget "Project7" */ = {
			isa = XCConfigurationList;
			buildConfigurations = (
				4802FA1F2587C73F00CAC650 /* Debug */,
				4802FA202587C73F00CAC650 /* Release */,
			);
			defaultConfigurationIsVisible = 0;
			defaultConfigurationName = Release;
		};
		4802FA212587C73F00CAC650 /* Build configuration list for PBXNativeTarget "Project7Tests" */ = {
			isa = XCConfigurationList;
			buildConfigurations = (
				4802FA222587C73F00CAC650 /* Debug */,
				4802FA232587C73F00CAC650 /* Release */,
			);
			defaultConfigurationIsVisible = 0;
			defaultConfigurationName = Release;
		};
		4802FA242587C73F00CAC650 /* Build configuration list for PBXNativeTarget "Project7UITests" */ = {
			isa = XCConfigurationList;
			buildConfigurations = (
				4802FA252587C73F00CAC650 /* Debug */,
				4802FA262587C73F00CAC650 /* Release */,
			);
			defaultConfigurationIsVisible = 0;
			defaultConfigurationName = Release;
		};
/* End XCConfigurationList section */
	};
	rootObject = 4802F9EC2587C73E00CAC650 /* Project object */;
}
